
Microsoft Visual Studio Solution File, Format Version 12.00
# Visual Studio 2012
Project("{FAE04EC0-301F-11D3-BF4B-00C04F79EFBC}") = "Skyscraper", "Skyscraper\Skyscraper.csproj", "{C4EAF2C9-1379-4985-AD5B-B99BC835FA84}"
	ProjectSection(ProjectDependencies) = postProject
		{37018408-D2E3-4BF0-8D90-50762425121E} = {37018408-D2E3-4BF0-8D90-50762425121E}
		{BE5EC478-FEAE-49BA-B796-3D73D83599DA} = {BE5EC478-FEAE-49BA-B796-3D73D83599DA}
		{04A46F9A-5B17-44F3-8630-5554882ADC25} = {04A46F9A-5B17-44F3-8630-5554882ADC25}
		{F5AA2AAE-1ED4-49EA-B62A-EBC795D84018} = {F5AA2AAE-1ED4-49EA-B62A-EBC795D84018}
		{6BC062D0-0912-45CD-B421-76729F22F049} = {6BC062D0-0912-45CD-B421-76729F22F049}
	EndProjectSection
EndProject
Project("{2150E333-8FDC-42A3-9474-1A3956D46DE8}") = ".nuget", ".nuget", "{4157A704-FD25-4B16-AEE9-72997F1F3DF1}"
	ProjectSection(SolutionItems) = preProject
		.nuget\NuGet.Config = .nuget\NuGet.Config
		.nuget\NuGet.exe = .nuget\NuGet.exe
		.nuget\NuGet.targets = .nuget\NuGet.targets
	EndProjectSection
EndProject
Project("{FAE04EC0-301F-11D3-BF4B-00C04F79EFBC}") = "Skyscraper.Irc", "Skyscraper.Irc\Skyscraper.Irc.csproj", "{BE5EC478-FEAE-49BA-B796-3D73D83599DA}"
	ProjectSection(ProjectDependencies) = postProject
		{04A46F9A-5B17-44F3-8630-5554882ADC25} = {04A46F9A-5B17-44F3-8630-5554882ADC25}
		{F5AA2AAE-1ED4-49EA-B62A-EBC795D84018} = {F5AA2AAE-1ED4-49EA-B62A-EBC795D84018}
	EndProjectSection
EndProject
Project("{FAE04EC0-301F-11D3-BF4B-00C04F79EFBC}") = "Skyscraper.Models", "Skyscraper.Models\Skyscraper.Models.csproj", "{F5AA2AAE-1ED4-49EA-B62A-EBC795D84018}"
	ProjectSection(ProjectDependencies) = postProject
		{04A46F9A-5B17-44F3-8630-5554882ADC25} = {04A46F9A-5B17-44F3-8630-5554882ADC25}
	EndProjectSection
EndProject
Project("{FAE04EC0-301F-11D3-BF4B-00C04F79EFBC}") = "Skyscraper.Utilities", "Skyscraper.Utilities\Skyscraper.Utilities.csproj", "{04A46F9A-5B17-44F3-8630-5554882ADC25}"
EndProject
Project("{FAE04EC0-301F-11D3-BF4B-00C04F79EFBC}") = "Skyscraper.ClientCommands", "Skyscraper.ClientCommands\Skyscraper.ClientCommands.csproj", "{6BC062D0-0912-45CD-B421-76729F22F049}"
EndProject
Project("{FAE04EC0-301F-11D3-BF4B-00C04F79EFBC}") = "Skyscraper.ViewModels", "Skyscraper.ViewModels\Skyscraper.ViewModels.csproj", "{37018408-D2E3-4BF0-8D90-50762425121E}"
EndProject
Global
	GlobalSection(SolutionConfigurationPlatforms) = preSolution
		Debug|Any CPU = Debug|Any CPU
		Release|Any CPU = Release|Any CPU
	EndGlobalSection
	GlobalSection(ProjectConfigurationPlatforms) = postSolution
		{C4EAF2C9-1379-4985-AD5B-B99BC835FA84}.Debug|Any CPU.ActiveCfg = Debug|Any CPU
		{C4EAF2C9-1379-4985-AD5B-B99BC835FA84}.Debug|Any CPU.Build.0 = Debug|Any CPU
		{C4EAF2C9-1379-4985-AD5B-B99BC835FA84}.Debug|Any CPU.Deploy.0 = Debug|Any CPU
		{C4EAF2C9-1379-4985-AD5B-B99BC835FA84}.Release|Any CPU.ActiveCfg = Release|Any CPU
		{C4EAF2C9-1379-4985-AD5B-B99BC835FA84}.Release|Any CPU.Build.0 = Release|Any CPU
		{BE5EC478-FEAE-49BA-B796-3D73D83599DA}.Debug|Any CPU.ActiveCfg = Debug|Any CPU
		{BE5EC478-FEAE-49BA-B796-3D73D83599DA}.Debug|Any CPU.Build.0 = Debug|Any CPU
		{BE5EC478-FEAE-49BA-B796-3D73D83599DA}.Release|Any CPU.ActiveCfg = Release|Any CPU
		{BE5EC478-FEAE-49BA-B796-3D73D83599DA}.Release|Any CPU.Build.0 = Release|Any CPU
		{F5AA2AAE-1ED4-49EA-B62A-EBC795D84018}.Debug|Any CPU.ActiveCfg = Debug|Any CPU
		{F5AA2AAE-1ED4-49EA-B62A-EBC795D84018}.Debug|Any CPU.Build.0 = Debug|Any CPU
		{F5AA2AAE-1ED4-49EA-B62A-EBC795D84018}.Release|Any CPU.ActiveCfg = Release|Any CPU
		{F5AA2AAE-1ED4-49EA-B62A-EBC795D84018}.Release|Any CPU.Build.0 = Release|Any CPU
		{04A46F9A-5B17-44F3-8630-5554882ADC25}.Debug|Any CPU.ActiveCfg = Debug|Any CPU
		{04A46F9A-5B17-44F3-8630-5554882ADC25}.Debug|Any CPU.Build.0 = Debug|Any CPU
		{04A46F9A-5B17-44F3-8630-5554882ADC25}.Release|Any CPU.ActiveCfg = Release|Any CPU
		{04A46F9A-5B17-44F3-8630-5554882ADC25}.Release|Any CPU.Build.0 = Release|Any CPU
		{6BC062D0-0912-45CD-B421-76729F22F049}.Debug|Any CPU.ActiveCfg = Debug|Any CPU
		{6BC062D0-0912-45CD-B421-76729F22F049}.Debug|Any CPU.Build.0 = Debug|Any CPU
		{6BC062D0-0912-45CD-B421-76729F22F049}.Release|Any CPU.ActiveCfg = Release|Any CPU
		{6BC062D0-0912-45CD-B421-76729F22F049}.Release|Any CPU.Build.0 = Release|Any CPU
		{37018408-D2E3-4BF0-8D90-50762425121E}.Debug|Any CPU.ActiveCfg = Debug|Any CPU
		{37018408-D2E3-4BF0-8D90-50762425121E}.Debug|Any CPU.Build.0 = Debug|Any CPU
		{37018408-D2E3-4BF0-8D90-50762425121E}.Release|Any CPU.ActiveCfg = Release|Any CPU
		{37018408-D2E3-4BF0-8D90-50762425121E}.Release|Any CPU.Build.0 = Release|Any CPU
	EndGlobalSection
	GlobalSection(SolutionProperties) = preSolution
		HideSolutionNode = FALSE
	EndGlobalSection
EndGlobal
